
Microsoft Visual Studio Solution File, Format Version 12.00
# Visual Studio Version 16
VisualStudioVersion = 16.0.32002.261
MinimumVisualStudioVersion = 10.0.40219.1
Project("{FAE04EC0-301F-11D3-BF4B-00C04F79EFBC}") = "MyFavoriteThings", "MyFavoriteThings\MyFavoriteThings.csproj", "{8E8A2067-F136-4B4C-9A8F-5F2591999160}"
EndProject
Global
	GlobalSection(SolutionConfigurationPlatforms) = preSolution
		Debug|Any CPU = Debug|Any CPU
		Release|Any CPU = Release|Any CPU
	EndGlobalSection
	GlobalSection(ProjectConfigurationPlatforms) = postSolution
		{8E8A2067-F136-4B4C-9A8F-5F2591999160}.Debug|Any CPU.ActiveCfg = Debug|Any CPU
		{8E8A2067-F136-4B4C-9A8F-5F2591999160}.Debug|Any CPU.Build.0 = Debug|Any CPU
		{8E8A2067-F136-4B4C-9A8F-5F2591999160}.Release|Any CPU.ActiveCfg = Release|Any CPU
		{8E8A2067-F136-4B4C-9A8F-5F2591999160}.Release|Any CPU.Build.0 = Release|Any CPU
	EndGlobalSection
	GlobalSection(SolutionProperties) = preSolution
		HideSolutionNode = FALSE
	EndGlobalSection
	GlobalSection(ExtensibilityGlobals) = postSolution
		SolutionGuid = {975A1CB6-F307-4F6D-9B5C-FAFE1D2FA200}
	EndGlobalSection
EndGlobal
